
Microsoft Visual Studio Solution File, Format Version 12.00
# Visual Studio Version 17
VisualStudioVersion = 17.9.34728.123
MinimumVisualStudioVersion = 10.0.40219.1
Project("{9A19103F-16F7-4668-BE54-9A1E7A4F7556}") = "LAB1", "LAB1\LAB1.csproj", "{9329BE0D-4103-4FD9-BB70-E07D9775BCE7}"
EndProject
Project("{9A19103F-16F7-4668-BE54-9A1E7A4F7556}") = "LAB1.Tests", "LAB1.Tests\LAB1.Tests.csproj", "{F06DC8AB-2F26-47BD-8AA3-2595107C9FF3}"
EndProject
Project("{2150E333-8FDC-42A3-9474-1A3956D46DE8}") = "Solution Items", "Solution Items", "{731C0900-23AC-47C2-9A78-D5398D4758E5}"
	ProjectSection(SolutionItems) = preProject
		Build.proj = Build.proj
	EndProjectSection
EndProject
Project("{9A19103F-16F7-4668-BE54-9A1E7A4F7556}") = "LAB2", "LAB2\LAB2.csproj", "{C2705AA6-9583-4290-973C-F6FF8E557CF7}"
EndProject
Project("{9A19103F-16F7-4668-BE54-9A1E7A4F7556}") = "LAB3", "LAB3\LAB3.csproj", "{84A2A3EF-2496-428E-BF29-B56A24356D75}"
EndProject
Project("{9A19103F-16F7-4668-BE54-9A1E7A4F7556}") = "LAB5", "LAB5\LAB5.csproj", "{D9F19F5A-2E31-4E6C-9609-32844228D085}"
EndProject
Project("{9A19103F-16F7-4668-BE54-9A1E7A4F7556}") = "LAB6", "LAB6\LAB6.csproj", "{4ADD1437-6EFA-4FB9-85B7-0A372441C8AA}"
EndProject
Global
	GlobalSection(SolutionConfigurationPlatforms) = preSolution
		Debug|Any CPU = Debug|Any CPU
		Release|Any CPU = Release|Any CPU
	EndGlobalSection
	GlobalSection(ProjectConfigurationPlatforms) = postSolution
		{9329BE0D-4103-4FD9-BB70-E07D9775BCE7}.Debug|Any CPU.ActiveCfg = Debug|Any CPU
		{9329BE0D-4103-4FD9-BB70-E07D9775BCE7}.Debug|Any CPU.Build.0 = Debug|Any CPU
		{9329BE0D-4103-4FD9-BB70-E07D9775BCE7}.Release|Any CPU.ActiveCfg = Release|Any CPU
		{9329BE0D-4103-4FD9-BB70-E07D9775BCE7}.Release|Any CPU.Build.0 = Release|Any CPU
		{F06DC8AB-2F26-47BD-8AA3-2595107C9FF3}.Debug|Any CPU.ActiveCfg = Debug|Any CPU
		{F06DC8AB-2F26-47BD-8AA3-2595107C9FF3}.Debug|Any CPU.Build.0 = Debug|Any CPU
		{F06DC8AB-2F26-47BD-8AA3-2595107C9FF3}.Release|Any CPU.ActiveCfg = Release|Any CPU
		{F06DC8AB-2F26-47BD-8AA3-2595107C9FF3}.Release|Any CPU.Build.0 = Release|Any CPU
		{C2705AA6-9583-4290-973C-F6FF8E557CF7}.Debug|Any CPU.ActiveCfg = Debug|Any CPU
		{C2705AA6-9583-4290-973C-F6FF8E557CF7}.Debug|Any CPU.Build.0 = Debug|Any CPU
		{C2705AA6-9583-4290-973C-F6FF8E557CF7}.Release|Any CPU.ActiveCfg = Release|Any CPU
		{C2705AA6-9583-4290-973C-F6FF8E557CF7}.Release|Any CPU.Build.0 = Release|Any CPU
		{84A2A3EF-2496-428E-BF29-B56A24356D75}.Debug|Any CPU.ActiveCfg = Debug|Any CPU
		{84A2A3EF-2496-428E-BF29-B56A24356D75}.Debug|Any CPU.Build.0 = Debug|Any CPU
		{84A2A3EF-2496-428E-BF29-B56A24356D75}.Release|Any CPU.ActiveCfg = Release|Any CPU
		{84A2A3EF-2496-428E-BF29-B56A24356D75}.Release|Any CPU.Build.0 = Release|Any CPU
		{D9F19F5A-2E31-4E6C-9609-32844228D085}.Debug|Any CPU.ActiveCfg = Debug|Any CPU
		{D9F19F5A-2E31-4E6C-9609-32844228D085}.Debug|Any CPU.Build.0 = Debug|Any CPU
		{D9F19F5A-2E31-4E6C-9609-32844228D085}.Release|Any CPU.ActiveCfg = Release|Any CPU
		{D9F19F5A-2E31-4E6C-9609-32844228D085}.Release|Any CPU.Build.0 = Release|Any CPU
		{4ADD1437-6EFA-4FB9-85B7-0A372441C8AA}.Debug|Any CPU.ActiveCfg = Debug|Any CPU
		{4ADD1437-6EFA-4FB9-85B7-0A372441C8AA}.Debug|Any CPU.Build.0 = Debug|Any CPU
		{4ADD1437-6EFA-4FB9-85B7-0A372441C8AA}.Release|Any CPU.ActiveCfg = Release|Any CPU
		{4ADD1437-6EFA-4FB9-85B7-0A372441C8AA}.Release|Any CPU.Build.0 = Release|Any CPU
	EndGlobalSection
	GlobalSection(SolutionProperties) = preSolution
		HideSolutionNode = FALSE
	EndGlobalSection
	GlobalSection(ExtensibilityGlobals) = postSolution
		SolutionGuid = {4E3E0AFF-C5B7-4429-B93C-8A25030D1D55}
	EndGlobalSection
EndGlobal
